{
  "name": "agw-example-01-coding-reliable",
  "lockfileVersion": 3,
  "requires": true,
  "packages": {
    "": {
      "name": "agw-example-01-coding-reliable",
      "dependencies": {
        "@mickorz/opencode-agentic-workflow": "file:../.."
      }
    },
    "../..": {
      "name": "@mickorz/opencode-agentic-workflow",
      "version": "0.3.0",
      "license": "MIT",
      "dependencies": {
        "@opencode/plugin": "^2.0.22"
      },
      "devDependencies": {
        "@opencode/theme": "^2.0.22",
        "@opentui/core": "^0.5.14",
        "@opentui/solid": "^0.5.14",
        "@types/node": "^26.6.4",
        "solid-js": "^1.9.9",
        "tsx": "^4.23.15",
        "typescript": "^7.0.2"
      },
      "engines": {
        "node": ">=20"
      }
    },
    "node_modules/@mickorz/opencode-agentic-workflow": {
      "resolved": "../..",
      "link": true
    }
  }
}
